
Microsoft Visual Studio Solution File, Format Version 12.00
# Visual Studio Version 17
VisualStudioVersion = 17.1.32210.238
MinimumVisualStudioVersion = 10.0.40219.1
Project("{FAE04EC0-301F-11D3-BF4B-00C04F79EFBC}") = "testdemoback", "testdemoback\testdemoback.csproj", "{7AA4DDC9-3EA9-4804-A9A2-2E511D18C3B3}"
EndProject
Global
	GlobalSection(SolutionConfigurationPlatforms) = preSolution
		Debug|Any CPU = Debug|Any CPU
		Release|Any CPU = Release|Any CPU
	EndGlobalSection
	GlobalSection(ProjectConfigurationPlatforms) = postSolution
		{7AA4DDC9-3EA9-4804-A9A2-2E511D18C3B3}.Debug|Any CPU.ActiveCfg = Debug|Any CPU
		{7AA4DDC9-3EA9-4804-A9A2-2E511D18C3B3}.Debug|Any CPU.Build.0 = Debug|Any CPU
		{7AA4DDC9-3EA9-4804-A9A2-2E511D18C3B3}.Release|Any CPU.ActiveCfg = Release|Any CPU
		{7AA4DDC9-3EA9-4804-A9A2-2E511D18C3B3}.Release|Any CPU.Build.0 = Release|Any CPU
	EndGlobalSection
	GlobalSection(SolutionProperties) = preSolution
		HideSolutionNode = FALSE
	EndGlobalSection
	GlobalSection(ExtensibilityGlobals) = postSolution
		SolutionGuid = {4C2CA62B-C9DB-4E5D-97DE-67817C980CCE}
	EndGlobalSection
EndGlobal
